
Microsoft Visual Studio Solution File, Format Version 12.00
# Visual Studio Version 17
VisualStudioVersion = 17.7.34031.279
MinimumVisualStudioVersion = 10.0.40219.1
Project("{FAE04EC0-301F-11D3-BF4B-00C04F79EFBC}") = "lab2", "Lab_1\lab2.csproj", "{7BBBCA6A-F01B-4AF6-9588-DB2B5193A074}"
EndProject
Global
	GlobalSection(SolutionConfigurationPlatforms) = preSolution
		Debug|Any CPU = Debug|Any CPU
		Release|Any CPU = Release|Any CPU
	EndGlobalSection
	GlobalSection(ProjectConfigurationPlatforms) = postSolution
		{7BBBCA6A-F01B-4AF6-9588-DB2B5193A074}.Debug|Any CPU.ActiveCfg = Debug|Any CPU
		{7BBBCA6A-F01B-4AF6-9588-DB2B5193A074}.Debug|Any CPU.Build.0 = Debug|Any CPU
		{7BBBCA6A-F01B-4AF6-9588-DB2B5193A074}.Release|Any CPU.ActiveCfg = Release|Any CPU
		{7BBBCA6A-F01B-4AF6-9588-DB2B5193A074}.Release|Any CPU.Build.0 = Release|Any CPU
	EndGlobalSection
	GlobalSection(SolutionProperties) = preSolution
		HideSolutionNode = FALSE
	EndGlobalSection
	GlobalSection(ExtensibilityGlobals) = postSolution
		SolutionGuid = {60F182EC-BE72-4F9B-B326-1274C8E6A0C8}
	EndGlobalSection
EndGlobal
